
Microsoft Visual Studio Solution File, Format Version 12.00
# Visual Studio Version 16
VisualStudioVersion = 16.0.31424.327
MinimumVisualStudioVersion = 10.0.40219.1
Project("{9A19103F-16F7-4668-BE54-9A1E7A4F7556}") = "QueuesStacksGenerics", "QueuesStacksGenerics.csproj", "{CA67DBFA-475C-4028-B75C-4EE439617B6B}"
EndProject
Project("{9A19103F-16F7-4668-BE54-9A1E7A4F7556}") = "LeapYears", "..\..\..\CodeWars\CodeWars\kyu7\LeapYears\LeapYears.csproj", "{BA387A14-8242-4B43-9B98-29E4EB1506A4}"
EndProject
Project("{FAE04EC0-301F-11D3-BF4B-00C04F79EFBC}") = "BreaketsTest", "..\Test\BreaketsTest\BreaketsTest.csproj", "{1D1A2BE6-7373-497E-B34D-C69A5B47D7EE}"
EndProject
Global
	GlobalSection(SolutionConfigurationPlatforms) = preSolution
		Debug|Any CPU = Debug|Any CPU
		Release|Any CPU = Release|Any CPU
	EndGlobalSection
	GlobalSection(ProjectConfigurationPlatforms) = postSolution
		{CA67DBFA-475C-4028-B75C-4EE439617B6B}.Debug|Any CPU.ActiveCfg = Debug|Any CPU
		{CA67DBFA-475C-4028-B75C-4EE439617B6B}.Debug|Any CPU.Build.0 = Debug|Any CPU
		{CA67DBFA-475C-4028-B75C-4EE439617B6B}.Release|Any CPU.ActiveCfg = Release|Any CPU
		{CA67DBFA-475C-4028-B75C-4EE439617B6B}.Release|Any CPU.Build.0 = Release|Any CPU
		{BA387A14-8242-4B43-9B98-29E4EB1506A4}.Debug|Any CPU.ActiveCfg = Debug|Any CPU
		{BA387A14-8242-4B43-9B98-29E4EB1506A4}.Debug|Any CPU.Build.0 = Debug|Any CPU
		{BA387A14-8242-4B43-9B98-29E4EB1506A4}.Release|Any CPU.ActiveCfg = Release|Any CPU
		{BA387A14-8242-4B43-9B98-29E4EB1506A4}.Release|Any CPU.Build.0 = Release|Any CPU
		{1D1A2BE6-7373-497E-B34D-C69A5B47D7EE}.Debug|Any CPU.ActiveCfg = Debug|Any CPU
		{1D1A2BE6-7373-497E-B34D-C69A5B47D7EE}.Debug|Any CPU.Build.0 = Debug|Any CPU
		{1D1A2BE6-7373-497E-B34D-C69A5B47D7EE}.Release|Any CPU.ActiveCfg = Release|Any CPU
		{1D1A2BE6-7373-497E-B34D-C69A5B47D7EE}.Release|Any CPU.Build.0 = Release|Any CPU
	EndGlobalSection
	GlobalSection(SolutionProperties) = preSolution
		HideSolutionNode = FALSE
	EndGlobalSection
	GlobalSection(ExtensibilityGlobals) = postSolution
		SolutionGuid = {2A79D4AF-FE2B-4A21-9A68-FC42C523A28E}
	EndGlobalSection
EndGlobal
